{
  "name": "threejs",
  "version": "1.0.0",
  "lockfileVersion": 2,
  "requires": true,
  "packages": {
    "": {
      "version": "1.0.0",
      "license": "ISC",
      "dependencies": {
        "three": "^0.126.1"
      },
      "devDependencies": {
        "@types/node": "^14.14.35",
        "@types/three": "^0.126.2"
      }
    },
    "node_modules/@types/node": {
      "version": "14.14.35",
      "resolved": "https://registry.npmjs.org/@types/node/-/node-14.14.35.tgz",
      "integrity": "sha512-Lt+wj8NVPx0zUmUwumiVXapmaLUcAk3yPuHCFVXras9k5VT9TdhJqKqGVUQCD60OTMCl0qxJ57OiTL0Mic3Iag==",
      "dev": true
    },
    "node_modules/@types/three": {
      "version": "0.126.2",
      "resolved": "https://registry.npmjs.org/@types/three/-/three-0.126.2.tgz",
      "integrity": "sha512-6JqTgijtfXcTJik8NtiNxr2L90ex6ElM00qilOGeUcrEsJLOdzLJSIkXHUYS+KPAYQYtRJQKD6XaXds3HjS+gg==",
      "dev": true
    },
    "node_modules/three": {
      "version": "0.126.1",
      "resolved": "https://registry.npmjs.org/three/-/three-0.126.1.tgz",
      "integrity": "sha512-eOEXnZeE1FDV0XgL1u08auIP13jxdN9LQBAEmlErYzMxtIIfuGIAZbijOyookALUhqVzVOx0Tywj6n192VM+nQ=="
    }
  },
  "dependencies": {
    "@types/node": {
      "version": "14.14.35",
      "resolved": "https://registry.npmjs.org/@types/node/-/node-14.14.35.tgz",
      "integrity": "sha512-Lt+wj8NVPx0zUmUwumiVXapmaLUcAk3yPuHCFVXras9k5VT9TdhJqKqGVUQCD60OTMCl0qxJ57OiTL0Mic3Iag==",
      "dev": true
    },
    "@types/three": {
      "version": "0.126.2",
      "resolved": "https://registry.npmjs.org/@types/three/-/three-0.126.2.tgz",
      "integrity": "sha512-6JqTgijtfXcTJik8NtiNxr2L90ex6ElM00qilOGeUcrEsJLOdzLJSIkXHUYS+KPAYQYtRJQKD6XaXds3HjS+gg==",
      "dev": true
    },
    "three": {
      "version": "0.126.1",
      "resolved": "https://registry.npmjs.org/three/-/three-0.126.1.tgz",
      "integrity": "sha512-eOEXnZeE1FDV0XgL1u08auIP13jxdN9LQBAEmlErYzMxtIIfuGIAZbijOyookALUhqVzVOx0Tywj6n192VM+nQ=="
    }
  }
}
